
Microsoft Visual Studio Solution File, Format Version 12.00
# Visual Studio Version 16
VisualStudioVersion = 16.0.30413.136
MinimumVisualStudioVersion = 10.0.40219.1
Project("{FAE04EC0-301F-11D3-BF4B-00C04F79EFBC}") = "Cs2_Day_06_Objects", "Cs2_Day_06_Objects.csproj", "{43DF35AF-8129-4253-8DBD-701CB757920A}"
EndProject
Global
	GlobalSection(SolutionConfigurationPlatforms) = preSolution
		Debug|Any CPU = Debug|Any CPU
		Release|Any CPU = Release|Any CPU
	EndGlobalSection
	GlobalSection(ProjectConfigurationPlatforms) = postSolution
		{43DF35AF-8129-4253-8DBD-701CB757920A}.Debug|Any CPU.ActiveCfg = Debug|Any CPU
		{43DF35AF-8129-4253-8DBD-701CB757920A}.Debug|Any CPU.Build.0 = Debug|Any CPU
		{43DF35AF-8129-4253-8DBD-701CB757920A}.Release|Any CPU.ActiveCfg = Release|Any CPU
		{43DF35AF-8129-4253-8DBD-701CB757920A}.Release|Any CPU.Build.0 = Release|Any CPU
	EndGlobalSection
	GlobalSection(SolutionProperties) = preSolution
		HideSolutionNode = FALSE
	EndGlobalSection
	GlobalSection(ExtensibilityGlobals) = postSolution
		SolutionGuid = {07895C42-E4A8-4C28-906C-4C9A8EC039AA}
	EndGlobalSection
EndGlobal
