
Microsoft Visual Studio Solution File, Format Version 12.00
# Visual Studio Version 16
VisualStudioVersion = 16.0.30413.136
MinimumVisualStudioVersion = 10.0.40219.1
Project("{9A19103F-16F7-4668-BE54-9A1E7A4F7556}") = "Cs2_Day_05_Kalkulators_v01", "Cs2_Day_05_Kalkulators_v01.csproj", "{556B5F89-BE5C-411E-AB9D-E1A8AFF3B319}"
EndProject
Project("{9A19103F-16F7-4668-BE54-9A1E7A4F7556}") = "Cs2_Day_05_Saraksti", "..\Cs2_Day_05_2\Cs2_Day_05_Saraksti.csproj", "{9BD56971-67AB-4BD3-BA3E-FA40E4F2A469}"
EndProject
Project("{FAE04EC0-301F-11D3-BF4B-00C04F79EFBC}") = "Cs2_Day_05_Kalkulators_v02", "..\Cs2_Day_05_Kalkulators_v02\Cs2_Day_05_Kalkulators_v02.csproj", "{6463811F-BFF5-458D-8531-6EB8EA281F6D}"
EndProject
Global
	GlobalSection(SolutionConfigurationPlatforms) = preSolution
		Debug|Any CPU = Debug|Any CPU
		Release|Any CPU = Release|Any CPU
	EndGlobalSection
	GlobalSection(ProjectConfigurationPlatforms) = postSolution
		{556B5F89-BE5C-411E-AB9D-E1A8AFF3B319}.Debug|Any CPU.ActiveCfg = Debug|Any CPU
		{556B5F89-BE5C-411E-AB9D-E1A8AFF3B319}.Debug|Any CPU.Build.0 = Debug|Any CPU
		{556B5F89-BE5C-411E-AB9D-E1A8AFF3B319}.Release|Any CPU.ActiveCfg = Release|Any CPU
		{556B5F89-BE5C-411E-AB9D-E1A8AFF3B319}.Release|Any CPU.Build.0 = Release|Any CPU
		{9BD56971-67AB-4BD3-BA3E-FA40E4F2A469}.Debug|Any CPU.ActiveCfg = Debug|Any CPU
		{9BD56971-67AB-4BD3-BA3E-FA40E4F2A469}.Debug|Any CPU.Build.0 = Debug|Any CPU
		{9BD56971-67AB-4BD3-BA3E-FA40E4F2A469}.Release|Any CPU.ActiveCfg = Release|Any CPU
		{9BD56971-67AB-4BD3-BA3E-FA40E4F2A469}.Release|Any CPU.Build.0 = Release|Any CPU
		{6463811F-BFF5-458D-8531-6EB8EA281F6D}.Debug|Any CPU.ActiveCfg = Debug|Any CPU
		{6463811F-BFF5-458D-8531-6EB8EA281F6D}.Debug|Any CPU.Build.0 = Debug|Any CPU
		{6463811F-BFF5-458D-8531-6EB8EA281F6D}.Release|Any CPU.ActiveCfg = Release|Any CPU
		{6463811F-BFF5-458D-8531-6EB8EA281F6D}.Release|Any CPU.Build.0 = Release|Any CPU
	EndGlobalSection
	GlobalSection(SolutionProperties) = preSolution
		HideSolutionNode = FALSE
	EndGlobalSection
	GlobalSection(ExtensibilityGlobals) = postSolution
		SolutionGuid = {0874C9A6-9AA3-44B7-9FA9-4359AC984DFD}
	EndGlobalSection
EndGlobal
