
Microsoft Visual Studio Solution File, Format Version 12.00
# Visual Studio Version 16
VisualStudioVersion = 16.0.30413.136
MinimumVisualStudioVersion = 10.0.40219.1
Project("{FAE04EC0-301F-11D3-BF4B-00C04F79EFBC}") = "Cs2_Day_09_Files_02", "Cs2_Day_09_Files_02.csproj", "{8E1E8503-A5CC-45D1-A0AE-6291F58FB389}"
EndProject
Global
	GlobalSection(SolutionConfigurationPlatforms) = preSolution
		Debug|Any CPU = Debug|Any CPU
		Release|Any CPU = Release|Any CPU
	EndGlobalSection
	GlobalSection(ProjectConfigurationPlatforms) = postSolution
		{8E1E8503-A5CC-45D1-A0AE-6291F58FB389}.Debug|Any CPU.ActiveCfg = Debug|Any CPU
		{8E1E8503-A5CC-45D1-A0AE-6291F58FB389}.Debug|Any CPU.Build.0 = Debug|Any CPU
		{8E1E8503-A5CC-45D1-A0AE-6291F58FB389}.Release|Any CPU.ActiveCfg = Release|Any CPU
		{8E1E8503-A5CC-45D1-A0AE-6291F58FB389}.Release|Any CPU.Build.0 = Release|Any CPU
	EndGlobalSection
	GlobalSection(SolutionProperties) = preSolution
		HideSolutionNode = FALSE
	EndGlobalSection
	GlobalSection(ExtensibilityGlobals) = postSolution
		SolutionGuid = {E594E2B5-C1FC-40B5-AC1F-4534857B0082}
	EndGlobalSection
EndGlobal
