
Microsoft Visual Studio Solution File, Format Version 12.00
# Visual Studio Version 16
VisualStudioVersion = 16.0.29926.136
MinimumVisualStudioVersion = 10.0.40219.1
Project("{FAE04EC0-301F-11D3-BF4B-00C04F79EFBC}") = "Cs2_Day_01_IO", "Cs2_Day_01_IO.csproj", "{09FAFA8C-6207-44DF-8D2C-5868DFE922B8}"
EndProject
Global
	GlobalSection(SolutionConfigurationPlatforms) = preSolution
		Debug|Any CPU = Debug|Any CPU
		Release|Any CPU = Release|Any CPU
	EndGlobalSection
	GlobalSection(ProjectConfigurationPlatforms) = postSolution
		{09FAFA8C-6207-44DF-8D2C-5868DFE922B8}.Debug|Any CPU.ActiveCfg = Debug|Any CPU
		{09FAFA8C-6207-44DF-8D2C-5868DFE922B8}.Debug|Any CPU.Build.0 = Debug|Any CPU
		{09FAFA8C-6207-44DF-8D2C-5868DFE922B8}.Release|Any CPU.ActiveCfg = Release|Any CPU
		{09FAFA8C-6207-44DF-8D2C-5868DFE922B8}.Release|Any CPU.Build.0 = Release|Any CPU
	EndGlobalSection
	GlobalSection(SolutionProperties) = preSolution
		HideSolutionNode = FALSE
	EndGlobalSection
	GlobalSection(ExtensibilityGlobals) = postSolution
		SolutionGuid = {F9B691FD-DF6A-4791-9AF2-0D1EFFC3CD30}
	EndGlobalSection
EndGlobal
